
Microsoft Visual Studio Solution File, Format Version 12.00
# Visual Studio Version 17
VisualStudioVersion = 17.0.31903.59
MinimumVisualStudioVersion = 10.0.40219.1
Project("{FAE04EC0-301F-11D3-BF4B-00C04F79EFBC}") = "Inventory.Core", "Inventory.Core\Inventory.Core.csproj", "{95B28A40-45CF-47C3-8C06-50C6A960835A}"
EndProject
Project("{FAE04EC0-301F-11D3-BF4B-00C04F79EFBC}") = "Inventory.Infrastructure", "Inventory.Infrastructure\Inventory.Infrastructure.csproj", "{37E002FE-B726-46EC-97E2-3EE2E4FCC3F0}"
EndProject
Project("{FAE04EC0-301F-11D3-BF4B-00C04F79EFBC}") = "Inventory.API", "Inventory.API\Inventory.API.csproj", "{0B9CA8A0-8B1C-402E-A976-7C3798E6631C}"
EndProject
Global
	GlobalSection(SolutionConfigurationPlatforms) = preSolution
		Debug|Any CPU = Debug|Any CPU
		Debug|x64 = Debug|x64
		Debug|x86 = Debug|x86
		Release|Any CPU = Release|Any CPU
		Release|x64 = Release|x64
		Release|x86 = Release|x86
	EndGlobalSection
	GlobalSection(ProjectConfigurationPlatforms) = postSolution
		{95B28A40-45CF-47C3-8C06-50C6A960835A}.Debug|Any CPU.ActiveCfg = Debug|Any CPU
		{95B28A40-45CF-47C3-8C06-50C6A960835A}.Debug|Any CPU.Build.0 = Debug|Any CPU
		{95B28A40-45CF-47C3-8C06-50C6A960835A}.Debug|x64.ActiveCfg = Debug|Any CPU
		{95B28A40-45CF-47C3-8C06-50C6A960835A}.Debug|x64.Build.0 = Debug|Any CPU
		{95B28A40-45CF-47C3-8C06-50C6A960835A}.Debug|x86.ActiveCfg = Debug|Any CPU
		{95B28A40-45CF-47C3-8C06-50C6A960835A}.Debug|x86.Build.0 = Debug|Any CPU
		{95B28A40-45CF-47C3-8C06-50C6A960835A}.Release|Any CPU.ActiveCfg = Release|Any CPU
		{95B28A40-45CF-47C3-8C06-50C6A960835A}.Release|Any CPU.Build.0 = Release|Any CPU
		{95B28A40-45CF-47C3-8C06-50C6A960835A}.Release|x64.ActiveCfg = Release|Any CPU
		{95B28A40-45CF-47C3-8C06-50C6A960835A}.Release|x64.Build.0 = Release|Any CPU
		{95B28A40-45CF-47C3-8C06-50C6A960835A}.Release|x86.ActiveCfg = Release|Any CPU
		{95B28A40-45CF-47C3-8C06-50C6A960835A}.Release|x86.Build.0 = Release|Any CPU
		{37E002FE-B726-46EC-97E2-3EE2E4FCC3F0}.Debug|Any CPU.ActiveCfg = Debug|Any CPU
		{37E002FE-B726-46EC-97E2-3EE2E4FCC3F0}.Debug|Any CPU.Build.0 = Debug|Any CPU
		{37E002FE-B726-46EC-97E2-3EE2E4FCC3F0}.Debug|x64.ActiveCfg = Debug|Any CPU
		{37E002FE-B726-46EC-97E2-3EE2E4FCC3F0}.Debug|x64.Build.0 = Debug|Any CPU
		{37E002FE-B726-46EC-97E2-3EE2E4FCC3F0}.Debug|x86.ActiveCfg = Debug|Any CPU
		{37E002FE-B726-46EC-97E2-3EE2E4FCC3F0}.Debug|x86.Build.0 = Debug|Any CPU
		{37E002FE-B726-46EC-97E2-3EE2E4FCC3F0}.Release|Any CPU.ActiveCfg = Release|Any CPU
		{37E002FE-B726-46EC-97E2-3EE2E4FCC3F0}.Release|Any CPU.Build.0 = Release|Any CPU
		{37E002FE-B726-46EC-97E2-3EE2E4FCC3F0}.Release|x64.ActiveCfg = Release|Any CPU
		{37E002FE-B726-46EC-97E2-3EE2E4FCC3F0}.Release|x64.Build.0 = Release|Any CPU
		{37E002FE-B726-46EC-97E2-3EE2E4FCC3F0}.Release|x86.ActiveCfg = Release|Any CPU
		{37E002FE-B726-46EC-97E2-3EE2E4FCC3F0}.Release|x86.Build.0 = Release|Any CPU
		{0B9CA8A0-8B1C-402E-A976-7C3798E6631C}.Debug|Any CPU.ActiveCfg = Debug|Any CPU
		{0B9CA8A0-8B1C-402E-A976-7C3798E6631C}.Debug|Any CPU.Build.0 = Debug|Any CPU
		{0B9CA8A0-8B1C-402E-A976-7C3798E6631C}.Debug|x64.ActiveCfg = Debug|Any CPU
		{0B9CA8A0-8B1C-402E-A976-7C3798E6631C}.Debug|x64.Build.0 = Debug|Any CPU
		{0B9CA8A0-8B1C-402E-A976-7C3798E6631C}.Debug|x86.ActiveCfg = Debug|Any CPU
		{0B9CA8A0-8B1C-402E-A976-7C3798E6631C}.Debug|x86.Build.0 = Debug|Any CPU
		{0B9CA8A0-8B1C-402E-A976-7C3798E6631C}.Release|Any CPU.ActiveCfg = Release|Any CPU
		{0B9CA8A0-8B1C-402E-A976-7C3798E6631C}.Release|Any CPU.Build.0 = Release|Any CPU
		{0B9CA8A0-8B1C-402E-A976-7C3798E6631C}.Release|x64.ActiveCfg = Release|Any CPU
		{0B9CA8A0-8B1C-402E-A976-7C3798E6631C}.Release|x64.Build.0 = Release|Any CPU
		{0B9CA8A0-8B1C-402E-A976-7C3798E6631C}.Release|x86.ActiveCfg = Release|Any CPU
		{0B9CA8A0-8B1C-402E-A976-7C3798E6631C}.Release|x86.Build.0 = Release|Any CPU
	EndGlobalSection
	GlobalSection(SolutionProperties) = preSolution
		HideSolutionNode = FALSE
	EndGlobalSection
EndGlobal
